// !$*UTF8*$!
{
	archiveVersion = 1;
	classes = {
	};
	objectVersion = 46;
	objects = {

/* Begin PBXAggregateTarget section */
		9A02D35F5708BC026AAE107B /* ALL_BUILD */ = {
			isa = PBXAggregateTarget;
			buildConfigurationList = 060332E788934490A32BB872 /* Build configuration list for PBXAggregateTarget "ALL_BUILD" */;
			buildPhases = (
				AF907444ACBF220000F9F67C /* Generate CMakeFiles/ALL_BUILD */,
			);
			dependencies = (
				D8BA60A81C8441A2B5832A42 /* PBXTargetDependency */,
				2F3C1CEA86264200AB305049 /* PBXTargetDependency */,
			);
			name = ALL_BUILD;
			productName = ALL_BUILD;
		};
		CFC549DA33CBBAAD006A10F1 /* ZERO_CHECK */ = {
			isa = PBXAggregateTarget;
			buildConfigurationList = 2185714BB9274EE798283BA3 /* Build configuration list for PBXAggregateTarget "ZERO_CHECK" */;
			buildPhases = (
				8C626E596792118BF99F4E6A /* Generate CMakeFiles/ZERO_CHECK */,
			);
			dependencies = (
			);
			name = ZERO_CHECK;
			productName = ZERO_CHECK;
		};
/* End PBXAggregateTarget section */

/* Begin PBXBuildFile section */
		691445366DA941D3A2FC2609 /* /Users/jonapulse/MSD/Day20/src/main.cpp */ = {isa = PBXBuildFile; fileRef = 9B35174594F94EA789DABD70 /* /Users/jonapulse/MSD/Day20/src/main.cpp */; };
		8574F94EDCC547A89EA8AEFF /* /Users/jonapulse/MSD/Day20/CMakeLists.txt */ = {isa = PBXBuildFile; fileRef = A55F924371E047CE9EFFC65A /* /Users/jonapulse/MSD/Day20/CMakeLists.txt */; };
/* End PBXBuildFile section */

/* Begin PBXBuildStyle section */
		013A62E1CB9C49758C7843D4 /* MinSizeRel */ = {
			isa = PBXBuildStyle;
			buildSettings = {
				COPY_PHASE_STRIP = NO;
			};
			name = MinSizeRel;
		};
		3A0933748BF64094B81D8CD5 /* Debug */ = {
			isa = PBXBuildStyle;
			buildSettings = {
				COPY_PHASE_STRIP = NO;
			};
			name = Debug;
		};
		73874165EBBC45F8B079F37A /* RelWithDebInfo */ = {
			isa = PBXBuildStyle;
			buildSettings = {
				COPY_PHASE_STRIP = NO;
			};
			name = RelWithDebInfo;
		};
		E9FD5425A0B54DA7980D5CB3 /* Release */ = {
			isa = PBXBuildStyle;
			buildSettings = {
				COPY_PHASE_STRIP = NO;
			};
			name = Release;
		};
/* End PBXBuildStyle section */

/* Begin PBXContainerItemProxy section */
		1AE121BCF2DB4DAF9D58FF95 /* PBXContainerItemProxy */ = {
			isa = PBXContainerItemProxy;
			containerPortal = 2D48287E21E345EBA57C6499 /* Project object */;
			proxyType = 1;
			remoteGlobalIDString = 4F966A6A08B8C1F8DE9B41F0;
			remoteInfo = MyFirstSFMLGame;
		};
		2F41609830BF43F58DFF3F0E /* PBXContainerItemProxy */ = {
			isa = PBXContainerItemProxy;
			containerPortal = 2D48287E21E345EBA57C6499 /* Project object */;
			proxyType = 1;
			remoteGlobalIDString = CFC549DA33CBBAAD006A10F1;
			remoteInfo = ZERO_CHECK;
		};
		C27EE710A78E4305A44BC982 /* PBXContainerItemProxy */ = {
			isa = PBXContainerItemProxy;
			containerPortal = 2D48287E21E345EBA57C6499 /* Project object */;
			proxyType = 1;
			remoteGlobalIDString = CFC549DA33CBBAAD006A10F1;
			remoteInfo = ZERO_CHECK;
		};
/* End PBXContainerItemProxy section */

/* Begin PBXFileReference section */
		9B35174594F94EA789DABD70 /* /Users/jonapulse/MSD/Day20/src/main.cpp */ = {isa = PBXFileReference; explicitFileType = sourcecode.cpp.cpp; fileEncoding = 4; name = main.cpp; path = src/main.cpp; sourceTree = SOURCE_ROOT; };
		A55F924371E047CE9EFFC65A /* /Users/jonapulse/MSD/Day20/CMakeLists.txt */ = {isa = PBXFileReference; explicitFileType = sourcecode.text; fileEncoding = 4; name = CMakeLists.txt; path = CMakeLists.txt; sourceTree = SOURCE_ROOT; };
		DCAED114BE894EFBA0C7EFD0 /* MyFirstSFMLGame */ = {isa = PBXFileReference; explicitFileType = "compiled.mach-o.executable"; path = MyFirstSFMLGame; sourceTree = BUILT_PRODUCTS_DIR; };
		FB5B52C96073409B9D09BEB5 /* /Users/jonapulse/MSD/Day20/CMakeLists.txt */ = {isa = PBXFileReference; explicitFileType = sourcecode.text; fileEncoding = 4; name = CMakeLists.txt; path = CMakeLists.txt; sourceTree = SOURCE_ROOT; };
/* End PBXFileReference section */

/* Begin PBXFrameworksBuildPhase section */
		16D2F24940CB4C719A729939 /* Frameworks */ = {
			isa = PBXFrameworksBuildPhase;
			buildActionMask = 2147483647;
			files = (
			);
			runOnlyForDeploymentPostprocessing = 0;
		};
/* End PBXFrameworksBuildPhase section */

/* Begin PBXGroup section */
		18AF1C99EA524E19A513D8AA /* Source Files */ = {
			isa = PBXGroup;
			children = (
				9B35174594F94EA789DABD70 /* /Users/jonapulse/MSD/Day20/src/main.cpp */,
			);
			name = "Source Files";
			sourceTree = "<group>";
		};
		263B941040BB4264B289A957 /* ALL_BUILD */ = {
			isa = PBXGroup;
			children = (
				DAE7774B518043FB882834F7 /* CMake Rules */,
				FB5B52C96073409B9D09BEB5 /* /Users/jonapulse/MSD/Day20/CMakeLists.txt */,
			);
			name = ALL_BUILD;
			sourceTree = "<group>";
		};
		6B57740E6F31434BA5C0AC49 /* Products */ = {
			isa = PBXGroup;
			children = (
				DCAED114BE894EFBA0C7EFD0 /* MyFirstSFMLGame */,
			);
			name = Products;
			sourceTree = "<group>";
		};
		82C8DA9AA9F94EDBAF25DE75 = {
			isa = PBXGroup;
			children = (
				AE3C3A667F42483E940048E7 /* MyFirstSFMLGame */,
				263B941040BB4264B289A957 /* ALL_BUILD */,
				6B57740E6F31434BA5C0AC49 /* Products */,
				EDE7A201F1B04B0CBBE7C5BC /* Frameworks */,
				C5DDF35CECBD4C72ABC14F59 /* Resources */,
			);
			sourceTree = "<group>";
		};
		AE3C3A667F42483E940048E7 /* MyFirstSFMLGame */ = {
			isa = PBXGroup;
			children = (
				18AF1C99EA524E19A513D8AA /* Source Files */,
				A55F924371E047CE9EFFC65A /* /Users/jonapulse/MSD/Day20/CMakeLists.txt */,
			);
			name = MyFirstSFMLGame;
			sourceTree = "<group>";
		};
		C5DDF35CECBD4C72ABC14F59 /* Resources */ = {
			isa = PBXGroup;
			children = (
			);
			name = Resources;
			sourceTree = "<group>";
		};
		DAE7774B518043FB882834F7 /* CMake Rules */ = {
			isa = PBXGroup;
			children = (
			);
			name = "CMake Rules";
			sourceTree = "<group>";
		};
		EDE7A201F1B04B0CBBE7C5BC /* Frameworks */ = {
			isa = PBXGroup;
			children = (
			);
			name = Frameworks;
			sourceTree = "<group>";
		};
/* End PBXGroup section */

/* Begin PBXNativeTarget section */
		4F966A6A08B8C1F8DE9B41F0 /* MyFirstSFMLGame */ = {
			isa = PBXNativeTarget;
			buildConfigurationList = 227D6C3AD05E42F78C99D59B /* Build configuration list for PBXNativeTarget "MyFirstSFMLGame" */;
			buildPhases = (
				149A82621185428B9A6FD4BD /* Sources */,
				16D2F24940CB4C719A729939 /* Frameworks */,
			);
			buildRules = (
			);
			dependencies = (
				A51115BF770E4FB888FC1F0C /* PBXTargetDependency */,
			);
			name = MyFirstSFMLGame;
			productName = MyFirstSFMLGame;
			productReference = DCAED114BE894EFBA0C7EFD0 /* MyFirstSFMLGame */;
			productType = "com.apple.product-type.tool";
		};
/* End PBXNativeTarget section */

/* Begin PBXProject section */
		2D48287E21E345EBA57C6499 /* Project object */ = {
			isa = PBXProject;
			attributes = {
				BuildIndependentTargetsInParallel = YES;
				LastUpgradeCheck = 1640;
			};
			buildConfigurationList = 481758AEFF724F0197D15948 /* Build configuration list for PBXProject "MyFirstSFMLGame" */;
			buildSettings = {
			};
			buildStyles = (
				3A0933748BF64094B81D8CD5 /* Debug */,
				E9FD5425A0B54DA7980D5CB3 /* Release */,
				013A62E1CB9C49758C7843D4 /* MinSizeRel */,
				73874165EBBC45F8B079F37A /* RelWithDebInfo */,
			);
			compatibilityVersion = "Xcode 3.2";
			hasScannedForEncodings = 0;
			mainGroup = 82C8DA9AA9F94EDBAF25DE75;
			projectDirPath = /Users/jonapulse/MSD/Day20;
			projectRoot = "";
			targets = (
				9A02D35F5708BC026AAE107B /* ALL_BUILD */,
				4F966A6A08B8C1F8DE9B41F0 /* MyFirstSFMLGame */,
				CFC549DA33CBBAAD006A10F1 /* ZERO_CHECK */,
			);
		};
/* End PBXProject section */

/* Begin PBXShellScriptBuildPhase section */
		3C0110FC8322DE7E50886E21 = {
			isa = PBXShellScriptBuildPhase;
			buildActionMask = 2147483647;
			files = (
			);
			inputPaths = (
			);
			outputPaths = (
			);
			runOnlyForDeploymentPostprocessing = 0;
			shellPath = /bin/sh;
			shellScript = "# shell script goes here
exit 0";
			showEnvVarsInLog = 0;
		};
		8C626E596792118BF99F4E6A /* Generate CMakeFiles/ZERO_CHECK */ = {
			isa = PBXShellScriptBuildPhase;
			alwaysOutOfDate = 1;
			buildActionMask = 2147483647;
			files = (
			);
			inputPaths = (
			);
			name = "Generate CMakeFiles/ZERO_CHECK";
			outputPaths = (
/Users/jonapulse/MSD/Day20/CMakeSFML/CMakeFiles/ZERO_CHECK			);
			runOnlyForDeploymentPostprocessing = 0;
			shellPath = /bin/sh;
			shellScript = "set -e
if test \"$CONFIGURATION\" = \"Debug\"; then :
  cd /Users/jonapulse/MSD/Day20/CMakeSFML
  make -f /Users/jonapulse/MSD/Day20/CMakeSFML/CMakeScripts/ReRunCMake.make
fi
if test \"$CONFIGURATION\" = \"Release\"; then :
  cd /Users/jonapulse/MSD/Day20/CMakeSFML
  make -f /Users/jonapulse/MSD/Day20/CMakeSFML/CMakeScripts/ReRunCMake.make
fi
if test \"$CONFIGURATION\" = \"MinSizeRel\"; then :
  cd /Users/jonapulse/MSD/Day20/CMakeSFML
  make -f /Users/jonapulse/MSD/Day20/CMakeSFML/CMakeScripts/ReRunCMake.make
fi
if test \"$CONFIGURATION\" = \"RelWithDebInfo\"; then :
  cd /Users/jonapulse/MSD/Day20/CMakeSFML
  make -f /Users/jonapulse/MSD/Day20/CMakeSFML/CMakeScripts/ReRunCMake.make
fi
";
			showEnvVarsInLog = 0;
		};
		9B50530E35CC49C82C2FACCF = {
			isa = PBXShellScriptBuildPhase;
			buildActionMask = 2147483647;
			files = (
			);
			inputPaths = (
			);
			outputPaths = (
			);
			runOnlyForDeploymentPostprocessing = 0;
			shellPath = /bin/sh;
			shellScript = "# shell script goes here
exit 0";
			showEnvVarsInLog = 0;
		};
		AF907444ACBF220000F9F67C /* Generate CMakeFiles/ALL_BUILD */ = {
			isa = PBXShellScriptBuildPhase;
			alwaysOutOfDate = 1;
			buildActionMask = 2147483647;
			files = (
			);
			inputPaths = (
			);
			name = "Generate CMakeFiles/ALL_BUILD";
			outputPaths = (
/Users/jonapulse/MSD/Day20/CMakeSFML/CMakeFiles/ALL_BUILD			);
			runOnlyForDeploymentPostprocessing = 0;
			shellPath = /bin/sh;
			shellScript = "set -e
if test \"$CONFIGURATION\" = \"Debug\"; then :
  cd /Users/jonapulse/MSD/Day20/CMakeSFML
  echo Build\\ all\\ projects
fi
if test \"$CONFIGURATION\" = \"Release\"; then :
  cd /Users/jonapulse/MSD/Day20/CMakeSFML
  echo Build\\ all\\ projects
fi
if test \"$CONFIGURATION\" = \"MinSizeRel\"; then :
  cd /Users/jonapulse/MSD/Day20/CMakeSFML
  echo Build\\ all\\ projects
fi
if test \"$CONFIGURATION\" = \"RelWithDebInfo\"; then :
  cd /Users/jonapulse/MSD/Day20/CMakeSFML
  echo Build\\ all\\ projects
fi
";
			showEnvVarsInLog = 0;
		};
/* End PBXShellScriptBuildPhase section */

/* Begin PBXSourcesBuildPhase section */
		149A82621185428B9A6FD4BD /* Sources */ = {
			isa = PBXSourcesBuildPhase;
			buildActionMask = 2147483647;
			files = (
				691445366DA941D3A2FC2609 /* /Users/jonapulse/MSD/Day20/src/main.cpp */,
			);
			runOnlyForDeploymentPostprocessing = 0;
		};
/* End PBXSourcesBuildPhase section */

/* Begin PBXTargetDependency section */
		2F3C1CEA86264200AB305049 /* PBXTargetDependency */ = {
			isa = PBXTargetDependency;
			target = CFC549DA33CBBAAD006A10F1 /* ZERO_CHECK */;
			targetProxy = C27EE710A78E4305A44BC982 /* PBXContainerItemProxy */;
		};
		A51115BF770E4FB888FC1F0C /* PBXTargetDependency */ = {
			isa = PBXTargetDependency;
			target = CFC549DA33CBBAAD006A10F1 /* ZERO_CHECK */;
			targetProxy = 2F41609830BF43F58DFF3F0E /* PBXContainerItemProxy */;
		};
		D8BA60A81C8441A2B5832A42 /* PBXTargetDependency */ = {
			isa = PBXTargetDependency;
			target = 4F966A6A08B8C1F8DE9B41F0 /* MyFirstSFMLGame */;
			targetProxy = 1AE121BCF2DB4DAF9D58FF95 /* PBXContainerItemProxy */;
		};
/* End PBXTargetDependency section */

/* Begin XCBuildConfiguration section */
		00C3A0C3B3964B32957A7DC4 /* Release */ = {
			isa = XCBuildConfiguration;
			buildSettings = {
				ALWAYS_SEARCH_USER_PATHS = NO;
				ARCHS = arm64;
				COMBINE_HIDPI_IMAGES = YES;
				GCC_GENERATE_DEBUGGING_SYMBOLS = YES;
				GCC_INLINES_ARE_PRIVATE_EXTERN = NO;
				GCC_OPTIMIZATION_LEVEL = 0;
				GCC_PREPROCESSOR_DEFINITIONS = ("'CMAKE_INTDIR=\"$(CONFIGURATION)$(EFFECTIVE_PLATFORM_NAME)\"'","$(inherited)");
				GCC_SYMBOLS_PRIVATE_EXTERN = NO;
				INSTALL_PATH = "";
				ONLY_ACTIVE_ARCH = NO;
				OTHER_LDFLAGS = ("","$(inherited)");
				OTHER_REZFLAGS = "";
				PRODUCT_NAME = ALL_BUILD;
				SECTORDER_FLAGS = "";
				USE_HEADERMAP = NO;
				WARNING_CFLAGS = ("$(inherited)");
			};
			name = Release;
		};
		0795635226E645EAA260439E /* RelWithDebInfo */ = {
			isa = XCBuildConfiguration;
			buildSettings = {
				ALWAYS_SEARCH_USER_PATHS = NO;
				ARCHS = arm64;
				COMBINE_HIDPI_IMAGES = YES;
				CONFIGURATION_BUILD_DIR = /Users/jonapulse/MSD/Day20/CMakeSFML/RelWithDebInfo;
				EXECUTABLE_PREFIX = "";
				EXECUTABLE_SUFFIX = "";
				GCC_GENERATE_DEBUGGING_SYMBOLS = YES;
				GCC_INLINES_ARE_PRIVATE_EXTERN = NO;
				GCC_OPTIMIZATION_LEVEL = 2;
				GCC_PREPROCESSOR_DEFINITIONS = ("'CMAKE_INTDIR=\"$(CONFIGURATION)$(EFFECTIVE_PLATFORM_NAME)\"'","$(inherited)");
				GCC_SYMBOLS_PRIVATE_EXTERN = NO;
				INSTALL_PATH = "";
				LD_RUNPATH_SEARCH_PATHS = (/opt/homebrew/lib,"$(inherited)");
				ONLY_ACTIVE_ARCH = NO;
				OTHER_CPLUSPLUSFLAGS = "       -DNDEBUG '-std=gnu++17' ";
				OTHER_LDFLAGS = (" -Wl,-search_paths_first -Wl,-headerpad_max_install_names","/opt/homebrew/lib/libsfml-graphics.3.0.1.dylib","/opt/homebrew/lib/libsfml-window.3.0.1.dylib","/opt/homebrew/lib/libsfml-system.3.0.1.dylib","$(inherited)");
				OTHER_REZFLAGS = "";
				PRODUCT_NAME = MyFirstSFMLGame;
				SECTORDER_FLAGS = "";
				SYSTEM_HEADER_SEARCH_PATHS = (/opt/homebrew/include,"$(inherited)");
				TARGET_TEMP_DIR = "/Users/jonapulse/MSD/Day20/CMakeSFML/build/MyFirstSFMLGame.build/$(CONFIGURATION)$(EFFECTIVE_PLATFORM_NAME)";
				USE_HEADERMAP = NO;
				WARNING_CFLAGS = ("$(inherited)");
			};
			name = RelWithDebInfo;
		};
		0CD67D8F60264CF28F65B47A /* Release */ = {
			isa = XCBuildConfiguration;
			buildSettings = {
				ALWAYS_SEARCH_USER_PATHS = NO;
				ARCHS = arm64;
				COMBINE_HIDPI_IMAGES = YES;
				GCC_GENERATE_DEBUGGING_SYMBOLS = YES;
				GCC_INLINES_ARE_PRIVATE_EXTERN = NO;
				GCC_OPTIMIZATION_LEVEL = 0;
				GCC_PREPROCESSOR_DEFINITIONS = ("'CMAKE_INTDIR=\"$(CONFIGURATION)$(EFFECTIVE_PLATFORM_NAME)\"'","$(inherited)");
				GCC_SYMBOLS_PRIVATE_EXTERN = NO;
				INSTALL_PATH = "";
				ONLY_ACTIVE_ARCH = NO;
				OTHER_LDFLAGS = ("","$(inherited)");
				OTHER_REZFLAGS = "";
				PRODUCT_NAME = ZERO_CHECK;
				SECTORDER_FLAGS = "";
				USE_HEADERMAP = NO;
				WARNING_CFLAGS = ("$(inherited)");
			};
			name = Release;
		};
		19FCD53B3A61424684DC6D92 /* Debug */ = {
			isa = XCBuildConfiguration;
			buildSettings = {
				ARCHS = arm64;
				SDKROOT = "";
				SYMROOT = /Users/jonapulse/MSD/Day20/CMakeSFML/build;
			};
			name = Debug;
		};
		1BA302B521A2494FA63FA7F1 /* Release */ = {
			isa = XCBuildConfiguration;
			buildSettings = {
				ARCHS = arm64;
				SDKROOT = "";
				SWIFT_COMPILATION_MODE = wholemodule;
				SYMROOT = /Users/jonapulse/MSD/Day20/CMakeSFML/build;
			};
			name = Release;
		};
		233861486C68416CA53428A9 /* RelWithDebInfo */ = {
			isa = XCBuildConfiguration;
			buildSettings = {
				ARCHS = arm64;
				SDKROOT = "";
				SWIFT_COMPILATION_MODE = wholemodule;
				SYMROOT = /Users/jonapulse/MSD/Day20/CMakeSFML/build;
			};
			name = RelWithDebInfo;
		};
		5C31246BFB004EAB93E898CF /* MinSizeRel */ = {
			isa = XCBuildConfiguration;
			buildSettings = {
				ARCHS = arm64;
				SDKROOT = "";
				SWIFT_COMPILATION_MODE = wholemodule;
				SYMROOT = /Users/jonapulse/MSD/Day20/CMakeSFML/build;
			};
			name = MinSizeRel;
		};
		6EF39FE852FB41BE937A5308 /* Debug */ = {
			isa = XCBuildConfiguration;
			buildSettings = {
				ALWAYS_SEARCH_USER_PATHS = NO;
				ARCHS = arm64;
				COMBINE_HIDPI_IMAGES = YES;
				CONFIGURATION_BUILD_DIR = /Users/jonapulse/MSD/Day20/CMakeSFML/Debug;
				EXECUTABLE_PREFIX = "";
				EXECUTABLE_SUFFIX = "";
				GCC_GENERATE_DEBUGGING_SYMBOLS = YES;
				GCC_INLINES_ARE_PRIVATE_EXTERN = NO;
				GCC_OPTIMIZATION_LEVEL = 0;
				GCC_PREPROCESSOR_DEFINITIONS = ("'CMAKE_INTDIR=\"$(CONFIGURATION)$(EFFECTIVE_PLATFORM_NAME)\"'","$(inherited)");
				GCC_SYMBOLS_PRIVATE_EXTERN = NO;
				INSTALL_PATH = "";
				LD_RUNPATH_SEARCH_PATHS = (/opt/homebrew/lib,"$(inherited)");
				ONLY_ACTIVE_ARCH = NO;
				OTHER_CPLUSPLUSFLAGS = "   '-std=gnu++17' ";
				OTHER_LDFLAGS = (" -Wl,-search_paths_first -Wl,-headerpad_max_install_names","/opt/homebrew/lib/libsfml-graphics.3.0.1.dylib","/opt/homebrew/lib/libsfml-window.3.0.1.dylib","/opt/homebrew/lib/libsfml-system.3.0.1.dylib","$(inherited)");
				OTHER_REZFLAGS = "";
				PRODUCT_NAME = MyFirstSFMLGame;
				SECTORDER_FLAGS = "";
				SYSTEM_HEADER_SEARCH_PATHS = (/opt/homebrew/include,"$(inherited)");
				TARGET_TEMP_DIR = "/Users/jonapulse/MSD/Day20/CMakeSFML/build/MyFirstSFMLGame.build/$(CONFIGURATION)$(EFFECTIVE_PLATFORM_NAME)";
				USE_HEADERMAP = NO;
				WARNING_CFLAGS = ("$(inherited)");
			};
			name = Debug;
		};
		8203E36168EF426CABC0A4CE /* RelWithDebInfo */ = {
			isa = XCBuildConfiguration;
			buildSettings = {
				ALWAYS_SEARCH_USER_PATHS = NO;
				ARCHS = arm64;
				COMBINE_HIDPI_IMAGES = YES;
				GCC_GENERATE_DEBUGGING_SYMBOLS = YES;
				GCC_INLINES_ARE_PRIVATE_EXTERN = NO;
				GCC_OPTIMIZATION_LEVEL = 0;
				GCC_PREPROCESSOR_DEFINITIONS = ("'CMAKE_INTDIR=\"$(CONFIGURATION)$(EFFECTIVE_PLATFORM_NAME)\"'","$(inherited)");
				GCC_SYMBOLS_PRIVATE_EXTERN = NO;
				INSTALL_PATH = "";
				ONLY_ACTIVE_ARCH = NO;
				OTHER_LDFLAGS = ("","$(inherited)");
				OTHER_REZFLAGS = "";
				PRODUCT_NAME = ALL_BUILD;
				SECTORDER_FLAGS = "";
				USE_HEADERMAP = NO;
				WARNING_CFLAGS = ("$(inherited)");
			};
			name = RelWithDebInfo;
		};
		8424ED2C81674BE0952BDBE0 /* Release */ = {
			isa = XCBuildConfiguration;
			buildSettings = {
				ALWAYS_SEARCH_USER_PATHS = NO;
				ARCHS = arm64;
				COMBINE_HIDPI_IMAGES = YES;
				CONFIGURATION_BUILD_DIR = /Users/jonapulse/MSD/Day20/CMakeSFML/Release;
				EXECUTABLE_PREFIX = "";
				EXECUTABLE_SUFFIX = "";
				GCC_GENERATE_DEBUGGING_SYMBOLS = NO;
				GCC_INLINES_ARE_PRIVATE_EXTERN = NO;
				GCC_OPTIMIZATION_LEVEL = 3;
				GCC_PREPROCESSOR_DEFINITIONS = ("'CMAKE_INTDIR=\"$(CONFIGURATION)$(EFFECTIVE_PLATFORM_NAME)\"'","$(inherited)");
				GCC_SYMBOLS_PRIVATE_EXTERN = NO;
				INSTALL_PATH = "";
				LD_RUNPATH_SEARCH_PATHS = (/opt/homebrew/lib,"$(inherited)");
				ONLY_ACTIVE_ARCH = NO;
				OTHER_CPLUSPLUSFLAGS = "    -DNDEBUG '-std=gnu++17' ";
				OTHER_LDFLAGS = (" -Wl,-search_paths_first -Wl,-headerpad_max_install_names","/opt/homebrew/lib/libsfml-graphics.3.0.1.dylib","/opt/homebrew/lib/libsfml-window.3.0.1.dylib","/opt/homebrew/lib/libsfml-system.3.0.1.dylib","$(inherited)");
				OTHER_REZFLAGS = "";
				PRODUCT_NAME = MyFirstSFMLGame;
				SECTORDER_FLAGS = "";
				SYSTEM_HEADER_SEARCH_PATHS = (/opt/homebrew/include,"$(inherited)");
				TARGET_TEMP_DIR = "/Users/jonapulse/MSD/Day20/CMakeSFML/build/MyFirstSFMLGame.build/$(CONFIGURATION)$(EFFECTIVE_PLATFORM_NAME)";
				USE_HEADERMAP = NO;
				WARNING_CFLAGS = ("$(inherited)");
			};
			name = Release;
		};
		B1B38D60D1D84A8098BDB747 /* MinSizeRel */ = {
			isa = XCBuildConfiguration;
			buildSettings = {
				ALWAYS_SEARCH_USER_PATHS = NO;
				ARCHS = arm64;
				COMBINE_HIDPI_IMAGES = YES;
				CONFIGURATION_BUILD_DIR = /Users/jonapulse/MSD/Day20/CMakeSFML/MinSizeRel;
				EXECUTABLE_PREFIX = "";
				EXECUTABLE_SUFFIX = "";
				GCC_GENERATE_DEBUGGING_SYMBOLS = NO;
				GCC_INLINES_ARE_PRIVATE_EXTERN = NO;
				GCC_OPTIMIZATION_LEVEL = s;
				GCC_PREPROCESSOR_DEFINITIONS = ("'CMAKE_INTDIR=\"$(CONFIGURATION)$(EFFECTIVE_PLATFORM_NAME)\"'","$(inherited)");
				GCC_SYMBOLS_PRIVATE_EXTERN = NO;
				INSTALL_PATH = "";
				LD_RUNPATH_SEARCH_PATHS = (/opt/homebrew/lib,"$(inherited)");
				ONLY_ACTIVE_ARCH = NO;
				OTHER_CPLUSPLUSFLAGS = "    -DNDEBUG '-std=gnu++17' ";
				OTHER_LDFLAGS = (" -Wl,-search_paths_first -Wl,-headerpad_max_install_names","/opt/homebrew/lib/libsfml-graphics.3.0.1.dylib","/opt/homebrew/lib/libsfml-window.3.0.1.dylib","/opt/homebrew/lib/libsfml-system.3.0.1.dylib","$(inherited)");
				OTHER_REZFLAGS = "";
				PRODUCT_NAME = MyFirstSFMLGame;
				SECTORDER_FLAGS = "";
				SYSTEM_HEADER_SEARCH_PATHS = (/opt/homebrew/include,"$(inherited)");
				TARGET_TEMP_DIR = "/Users/jonapulse/MSD/Day20/CMakeSFML/build/MyFirstSFMLGame.build/$(CONFIGURATION)$(EFFECTIVE_PLATFORM_NAME)";
				USE_HEADERMAP = NO;
				WARNING_CFLAGS = ("$(inherited)");
			};
			name = MinSizeRel;
		};
		BC13E6924E944FCF80C3CEC4 /* Debug */ = {
			isa = XCBuildConfiguration;
			buildSettings = {
				ALWAYS_SEARCH_USER_PATHS = NO;
				ARCHS = arm64;
				COMBINE_HIDPI_IMAGES = YES;
				GCC_GENERATE_DEBUGGING_SYMBOLS = YES;
				GCC_INLINES_ARE_PRIVATE_EXTERN = NO;
				GCC_OPTIMIZATION_LEVEL = 0;
				GCC_PREPROCESSOR_DEFINITIONS = ("'CMAKE_INTDIR=\"$(CONFIGURATION)$(EFFECTIVE_PLATFORM_NAME)\"'","$(inherited)");
				GCC_SYMBOLS_PRIVATE_EXTERN = NO;
				INSTALL_PATH = "";
				ONLY_ACTIVE_ARCH = NO;
				OTHER_LDFLAGS = ("","$(inherited)");
				OTHER_REZFLAGS = "";
				PRODUCT_NAME = ALL_BUILD;
				SECTORDER_FLAGS = "";
				USE_HEADERMAP = NO;
				WARNING_CFLAGS = ("$(inherited)");
			};
			name = Debug;
		};
		BE7FF8C1E92249B0B4CF5810 /* Debug */ = {
			isa = XCBuildConfiguration;
			buildSettings = {
				ALWAYS_SEARCH_USER_PATHS = NO;
				ARCHS = arm64;
				COMBINE_HIDPI_IMAGES = YES;
				GCC_GENERATE_DEBUGGING_SYMBOLS = YES;
				GCC_INLINES_ARE_PRIVATE_EXTERN = NO;
				GCC_OPTIMIZATION_LEVEL = 0;
				GCC_PREPROCESSOR_DEFINITIONS = ("'CMAKE_INTDIR=\"$(CONFIGURATION)$(EFFECTIVE_PLATFORM_NAME)\"'","$(inherited)");
				GCC_SYMBOLS_PRIVATE_EXTERN = NO;
				INSTALL_PATH = "";
				ONLY_ACTIVE_ARCH = NO;
				OTHER_LDFLAGS = ("","$(inherited)");
				OTHER_REZFLAGS = "";
				PRODUCT_NAME = ZERO_CHECK;
				SECTORDER_FLAGS = "";
				USE_HEADERMAP = NO;
				WARNING_CFLAGS = ("$(inherited)");
			};
			name = Debug;
		};
		E534758869444175AF6E2D17 /* MinSizeRel */ = {
			isa = XCBuildConfiguration;
			buildSettings = {
				ALWAYS_SEARCH_USER_PATHS = NO;
				ARCHS = arm64;
				COMBINE_HIDPI_IMAGES = YES;
				GCC_GENERATE_DEBUGGING_SYMBOLS = YES;
				GCC_INLINES_ARE_PRIVATE_EXTERN = NO;
				GCC_OPTIMIZATION_LEVEL = 0;
				GCC_PREPROCESSOR_DEFINITIONS = ("'CMAKE_INTDIR=\"$(CONFIGURATION)$(EFFECTIVE_PLATFORM_NAME)\"'","$(inherited)");
				GCC_SYMBOLS_PRIVATE_EXTERN = NO;
				INSTALL_PATH = "";
				ONLY_ACTIVE_ARCH = NO;
				OTHER_LDFLAGS = ("","$(inherited)");
				OTHER_REZFLAGS = "";
				PRODUCT_NAME = ZERO_CHECK;
				SECTORDER_FLAGS = "";
				USE_HEADERMAP = NO;
				WARNING_CFLAGS = ("$(inherited)");
			};
			name = MinSizeRel;
		};
		E59A804B676C4CE88DB64A0D /* RelWithDebInfo */ = {
			isa = XCBuildConfiguration;
			buildSettings = {
				ALWAYS_SEARCH_USER_PATHS = NO;
				ARCHS = arm64;
				COMBINE_HIDPI_IMAGES = YES;
				GCC_GENERATE_DEBUGGING_SYMBOLS = YES;
				GCC_INLINES_ARE_PRIVATE_EXTERN = NO;
				GCC_OPTIMIZATION_LEVEL = 0;
				GCC_PREPROCESSOR_DEFINITIONS = ("'CMAKE_INTDIR=\"$(CONFIGURATION)$(EFFECTIVE_PLATFORM_NAME)\"'","$(inherited)");
				GCC_SYMBOLS_PRIVATE_EXTERN = NO;
				INSTALL_PATH = "";
				ONLY_ACTIVE_ARCH = NO;
				OTHER_LDFLAGS = ("","$(inherited)");
				OTHER_REZFLAGS = "";
				PRODUCT_NAME = ZERO_CHECK;
				SECTORDER_FLAGS = "";
				USE_HEADERMAP = NO;
				WARNING_CFLAGS = ("$(inherited)");
			};
			name = RelWithDebInfo;
		};
		E638B53348A2463EB5D9AD20 /* MinSizeRel */ = {
			isa = XCBuildConfiguration;
			buildSettings = {
				ALWAYS_SEARCH_USER_PATHS = NO;
				ARCHS = arm64;
				COMBINE_HIDPI_IMAGES = YES;
				GCC_GENERATE_DEBUGGING_SYMBOLS = YES;
				GCC_INLINES_ARE_PRIVATE_EXTERN = NO;
				GCC_OPTIMIZATION_LEVEL = 0;
				GCC_PREPROCESSOR_DEFINITIONS = ("'CMAKE_INTDIR=\"$(CONFIGURATION)$(EFFECTIVE_PLATFORM_NAME)\"'","$(inherited)");
				GCC_SYMBOLS_PRIVATE_EXTERN = NO;
				INSTALL_PATH = "";
				ONLY_ACTIVE_ARCH = NO;
				OTHER_LDFLAGS = ("","$(inherited)");
				OTHER_REZFLAGS = "";
				PRODUCT_NAME = ALL_BUILD;
				SECTORDER_FLAGS = "";
				USE_HEADERMAP = NO;
				WARNING_CFLAGS = ("$(inherited)");
			};
			name = MinSizeRel;
		};
/* End XCBuildConfiguration section */

/* Begin XCConfigurationList section */
		060332E788934490A32BB872 /* Build configuration list for PBXAggregateTarget "ALL_BUILD" */ = {
			isa = XCConfigurationList;
			buildConfigurations = (
				BC13E6924E944FCF80C3CEC4 /* Debug */,
				00C3A0C3B3964B32957A7DC4 /* Release */,
				E638B53348A2463EB5D9AD20 /* MinSizeRel */,
				8203E36168EF426CABC0A4CE /* RelWithDebInfo */,
			);
			defaultConfigurationIsVisible = 0;
			defaultConfigurationName = Debug;
		};
		2185714BB9274EE798283BA3 /* Build configuration list for PBXAggregateTarget "ZERO_CHECK" */ = {
			isa = XCConfigurationList;
			buildConfigurations = (
				BE7FF8C1E92249B0B4CF5810 /* Debug */,
				0CD67D8F60264CF28F65B47A /* Release */,
				E534758869444175AF6E2D17 /* MinSizeRel */,
				E59A804B676C4CE88DB64A0D /* RelWithDebInfo */,
			);
			defaultConfigurationIsVisible = 0;
			defaultConfigurationName = Debug;
		};
		227D6C3AD05E42F78C99D59B /* Build configuration list for PBXNativeTarget "MyFirstSFMLGame" */ = {
			isa = XCConfigurationList;
			buildConfigurations = (
				6EF39FE852FB41BE937A5308 /* Debug */,
				8424ED2C81674BE0952BDBE0 /* Release */,
				B1B38D60D1D84A8098BDB747 /* MinSizeRel */,
				0795635226E645EAA260439E /* RelWithDebInfo */,
			);
			defaultConfigurationIsVisible = 0;
			defaultConfigurationName = Debug;
		};
		481758AEFF724F0197D15948 /* Build configuration list for PBXProject "MyFirstSFMLGame" */ = {
			isa = XCConfigurationList;
			buildConfigurations = (
				19FCD53B3A61424684DC6D92 /* Debug */,
				1BA302B521A2494FA63FA7F1 /* Release */,
				5C31246BFB004EAB93E898CF /* MinSizeRel */,
				233861486C68416CA53428A9 /* RelWithDebInfo */,
			);
			defaultConfigurationIsVisible = 0;
			defaultConfigurationName = Debug;
		};
/* End XCConfigurationList section */
	};
	rootObject = 2D48287E21E345EBA57C6499 /* Project object */;
}
